<?xml version="1.0" encoding="utf-8"?>
<Project ToolsVersion="4.0" xmlns="http://schemas.microsoft.com/developer/msbuild/2003">
  <ItemGroup>
    <ClCompile Include="books.cpp" />
    <ClCompile Include="dllmain.cpp" />
    <ClCompile Include="game_addresses.cpp" />
    <ClCompile Include="game_overlay.cpp" />
    <ClCompile Include="hitbox_capture.cpp" />
    <ClCompile Include="keyboard_input.cpp" />
    <ClCompile Include="locale.cpp" />
    <ClCompile Include="overlay.cpp" />
    <ClCompile Include="practice_menu.cpp" />
    <ClCompile Include="practice_jump.cpp" />
    <ClCompile Include="replay_support.cpp" />
    <ClCompile Include="ui.cpp" />
    <ClCompile Include="..\third_party\imgui\imgui.cpp">
      <Filter>imgui</Filter>
    </ClCompile>
    <ClCompile Include="..\third_party\imgui\imgui_demo.cpp">
      <Filter>imgui</Filter>
    </ClCompile>
    <ClCompile Include="..\third_party\imgui\imgui_draw.cpp">
      <Filter>imgui</Filter>
    </ClCompile>
    <ClCompile Include="..\third_party\imgui\imgui_impl_dx9.cpp">
      <Filter>imgui</Filter>
    </ClCompile>
    <ClCompile Include="..\third_party\imgui\imgui_impl_dx11.cpp">
      <Filter>imgui</Filter>
    </ClCompile>
    <ClCompile Include="..\third_party\imgui\imgui_impl_win32.cpp">
      <Filter>imgui</Filter>
    </ClCompile>
    <ClCompile Include="..\third_party\imgui\imgui_tables.cpp">
      <Filter>imgui</Filter>
    </ClCompile>
    <ClCompile Include="..\third_party\imgui\imgui_widgets.cpp">
      <Filter>imgui</Filter>
    </ClCompile>
    <ClCompile Include="..\third_party\minhook\src\buffer.c">
      <Filter>minhook</Filter>
    </ClCompile>
    <ClCompile Include="..\third_party\minhook\src\trampoline.c">
      <Filter>minhook</Filter>
    </ClCompile>
    <ClCompile Include="..\third_party\minhook\src\hde\hde64.c">
      <Filter>minhook</Filter>
    </ClCompile>
    <ClCompile Include="..\third_party\minhook\src\hook.c">
      <Filter>minhook</Filter>
    </ClCompile>
  </ItemGroup>
  <ItemGroup>
    <ClInclude Include="..\version.h" />
    <ClInclude Include="books.h" />
    <ClInclude Include="game_addresses.h" />
    <ClInclude Include="game_overlay.h" />
    <ClInclude Include="hitbox_capture.h" />
    <ClInclude Include="keyboard_input.h" />
    <ClInclude Include="locale.h" />
    <ClInclude Include="overlay.h" />
    <ClInclude Include="practice_menu.h" />
    <ClInclude Include="practice_jump.h" />
    <ClInclude Include="replay_support.h" />
    <ClInclude Include="ui.h" />
    <ClInclude Include="..\third_party\imgui\imgui.h">
      <Filter>imgui</Filter>
    </ClInclude>
    <ClInclude Include="..\third_party\imgui\imgui_impl_dx9.h">
      <Filter>imgui</Filter>
    </ClInclude>
    <ClInclude Include="..\third_party\imgui\imgui_impl_dx11.h">
      <Filter>imgui</Filter>
    </ClInclude>
    <ClInclude Include="..\third_party\imgui\imgui_impl_win32.h">
      <Filter>imgui</Filter>
    </ClInclude>
    <ClInclude Include="..\third_party\minhook\src\buffer.h">
      <Filter>minhook</Filter>
    </ClInclude>
    <ClInclude Include="..\third_party\minhook\src\trampoline.h">
      <Filter>minhook</Filter>
    </ClInclude>
    <ClInclude Include="d3d11_shaders.h">
      <Filter>dx11</Filter>
    </ClInclude>
    <ClInclude Include="..\third_party\minhook\src\hde\hde64.h">
      <Filter>minhook</Filter>
    </ClInclude>
    <ClInclude Include="..\third_party\minhook\include\MinHook.h">
      <Filter>minhook</Filter>
    </ClInclude>
    <ClInclude Include="..\third_party\minhook\src\hde\pstdint.h">
      <Filter>minhook</Filter>
    </ClInclude>
    <ClInclude Include="..\third_party\minhook\src\hde\table64.h">
      <Filter>minhook</Filter>
    </ClInclude>
  </ItemGroup>
  <ItemGroup>
    <Filter Include="imgui">
      <UniqueIdentifier>{8912c65e-9fd2-4777-8bfc-149c4cec59a1}</UniqueIdentifier>
    </Filter>
    <Filter Include="minhook">
      <UniqueIdentifier>{ccb6e920-0805-4d02-a8cb-1df2a06d9867}</UniqueIdentifier>
    </Filter>
    <Filter Include="dx11">
      <UniqueIdentifier>{fb32b032-0135-4e03-bb42-e8dd35ece56a}</UniqueIdentifier>
    </Filter>
  </ItemGroup>
  <ItemGroup>
    <None Include="..\README.md" />
    <None Include="shaders\imgui_dx11.hlsl">
      <Filter>dx11</Filter>
    </None>
    <None Include="..\third_party\minhook\LICENSE.txt">
      <Filter>minhook</Filter>
    </None>
    <None Include="shaders\stretch.hlsl">
      <Filter>dx11</Filter>
    </None>
  </ItemGroup>
</Project>
